
Microsoft Visual Studio Solution File, Format Version 12.00
# Visual Studio Version 17
VisualStudioVersion = 17.5.33516.290
MinimumVisualStudioVersion = 10.0.40219.1
Project("{FAE04EC0-301F-11D3-BF4B-00C04F79EFBC}") = "Quizee2.1", "Quizee2.1.csproj", "{DAA57DCC-3017-4703-8364-28C4E305A8EE}"
EndProject
Global
	GlobalSection(SolutionConfigurationPlatforms) = preSolution
		Debug|Any CPU = Debug|Any CPU
		Release|Any CPU = Release|Any CPU
	EndGlobalSection
	GlobalSection(ProjectConfigurationPlatforms) = postSolution
		{DAA57DCC-3017-4703-8364-28C4E305A8EE}.Debug|Any CPU.ActiveCfg = Debug|Any CPU
		{DAA57DCC-3017-4703-8364-28C4E305A8EE}.Debug|Any CPU.Build.0 = Debug|Any CPU
		{DAA57DCC-3017-4703-8364-28C4E305A8EE}.Release|Any CPU.ActiveCfg = Release|Any CPU
		{DAA57DCC-3017-4703-8364-28C4E305A8EE}.Release|Any CPU.Build.0 = Release|Any CPU
	EndGlobalSection
	GlobalSection(SolutionProperties) = preSolution
		HideSolutionNode = FALSE
	EndGlobalSection
	GlobalSection(ExtensibilityGlobals) = postSolution
		SolutionGuid = {3DA3F4D5-2F81-4C89-B99B-D10B43DB8F9F}
	EndGlobalSection
EndGlobal
